
Microsoft Visual Studio Solution File, Format Version 12.00
# Visual Studio Version 16
VisualStudioVersion = 16.0.29609.76
MinimumVisualStudioVersion = 10.0.40219.1
Project("{FAE04EC0-301F-11D3-BF4B-00C04F79EFBC}") = "State - as Dictionary", "State - as Dictionary.csproj", "{6CFAEABA-178A-466A-BAC3-28BCA8A0D61F}"
EndProject
Project("{FAE04EC0-301F-11D3-BF4B-00C04F79EFBC}") = "State - as Switch", "..\DesignPattern1\State - as Switch.csproj", "{4BF6FA04-1866-4FE3-837F-AA414E5821DD}"
EndProject
Project("{FAE04EC0-301F-11D3-BF4B-00C04F79EFBC}") = "State with Stateless", "..\State with Stateless\State with Stateless.csproj", "{60942B2E-6102-46B1-B509-6271DF13DAAA}"
EndProject
Global
	GlobalSection(SolutionConfigurationPlatforms) = preSolution
		Debug|Any CPU = Debug|Any CPU
		Release|Any CPU = Release|Any CPU
	EndGlobalSection
	GlobalSection(ProjectConfigurationPlatforms) = postSolution
		{6CFAEABA-178A-466A-BAC3-28BCA8A0D61F}.Debug|Any CPU.ActiveCfg = Debug|Any CPU
		{6CFAEABA-178A-466A-BAC3-28BCA8A0D61F}.Debug|Any CPU.Build.0 = Debug|Any CPU
		{6CFAEABA-178A-466A-BAC3-28BCA8A0D61F}.Release|Any CPU.ActiveCfg = Release|Any CPU
		{6CFAEABA-178A-466A-BAC3-28BCA8A0D61F}.Release|Any CPU.Build.0 = Release|Any CPU
		{4BF6FA04-1866-4FE3-837F-AA414E5821DD}.Debug|Any CPU.ActiveCfg = Debug|Any CPU
		{4BF6FA04-1866-4FE3-837F-AA414E5821DD}.Debug|Any CPU.Build.0 = Debug|Any CPU
		{4BF6FA04-1866-4FE3-837F-AA414E5821DD}.Release|Any CPU.ActiveCfg = Release|Any CPU
		{4BF6FA04-1866-4FE3-837F-AA414E5821DD}.Release|Any CPU.Build.0 = Release|Any CPU
		{60942B2E-6102-46B1-B509-6271DF13DAAA}.Debug|Any CPU.ActiveCfg = Debug|Any CPU
		{60942B2E-6102-46B1-B509-6271DF13DAAA}.Debug|Any CPU.Build.0 = Debug|Any CPU
		{60942B2E-6102-46B1-B509-6271DF13DAAA}.Release|Any CPU.ActiveCfg = Release|Any CPU
		{60942B2E-6102-46B1-B509-6271DF13DAAA}.Release|Any CPU.Build.0 = Release|Any CPU
	EndGlobalSection
	GlobalSection(SolutionProperties) = preSolution
		HideSolutionNode = FALSE
	EndGlobalSection
	GlobalSection(ExtensibilityGlobals) = postSolution
		SolutionGuid = {2DB55A0A-5E7D-4B89-A775-C471C1880202}
	EndGlobalSection
EndGlobal
